github.com/dean2021/go-nmap v0.0.0-20181206040457-deecb3c7af98 h1:FOef4dhkO6X8hI43d8ZTioRlBuL0qE6xNOBUQ8xedJc=
github.com/dean2021/go-nmap v0.0.0-20181206040457-deecb3c7af98/go.mod h1:xENvML8bdXfHsKlwMElVkW0YzRvFM12IL1p3/wXQKos=
github.com/pkg/errors v0.9.1 h1:FEBLx1zS214owpjy7qsBeixbURkuhQAwrK5UwLGTwt4=
github.com/pkg/errors v0.9.1/go.mod h1:bwawxfHBFNV+L2hUp1rHADufV3IMtnDRdf1r5NINEl0=
